<?xml version="1.0" encoding="utf-8"?>
<Project ToolsVersion="4.0" xmlns="http://schemas.microsoft.com/developer/msbuild/2003">
  <ItemGroup>
    <Filter Include="src\Primitives">
      <UniqueIdentifier>{dc166da3-eb0b-4778-86c3-023a2022a5c8}</UniqueIdentifier>
    </Filter>
    <Filter Include="src">
      <UniqueIdentifier>{ecae640f-c939-44d6-ad2a-46b8f7ada3ba}</UniqueIdentifier>
    </Filter>
    <Filter Include="include\libopenglwrapper\Primitives">
      <UniqueIdentifier>{031ad1a3-6c9a-416e-a77b-19633669e739}</UniqueIdentifier>
    </Filter>
    <Filter Include="include\libopenglwrapper">
      <UniqueIdentifier>{13c17f75-6956-4cb1-8cc7-5b5a1acb4ed1}</UniqueIdentifier>
    </Filter>
    <Filter Include="include">
      <UniqueIdentifier>{4b89c0ea-0052-4c60-8cc1-41e68d7d466c}</UniqueIdentifier>
    </Filter>
    <Filter Include="shaders">
      <UniqueIdentifier>{14c9c791-dd1a-4e87-b47c-f79d48d00e9f}</UniqueIdentifier>
    </Filter>
    <Filter Include="basic_definitions">
      <UniqueIdentifier>{56401a3b-30a6-4dfb-b650-9c3fe9843a1b}</UniqueIdentifier>
    </Filter>
  </ItemGroup>
  <ItemGroup>
    <ClCompile Include="src\Primitives\Rect.cpp">
      <Filter>src\Primitives</Filter>
    </ClCompile>
    <ClCompile Include="src\Primitives\Triangle.cpp">
      <Filter>src\Primitives</Filter>
    </ClCompile>
    <ClCompile Include="src\Primitives\TriangleImpl.cpp">
      <Filter>src\Primitives</Filter>
    </ClCompile>
    <ClCompile Include="src\IObjectFactory.cpp">
      <Filter>src</Filter>
    </ClCompile>
    <ClCompile Include="src\IOpenGLWrapper.cpp">
      <Filter>src</Filter>
    </ClCompile>
    <ClCompile Include="src\IShader.cpp">
      <Filter>src</Filter>
    </ClCompile>
    <ClCompile Include="src\IShaderFactory.cpp">
      <Filter>src</Filter>
    </ClCompile>
    <ClCompile Include="src\OpenGLShaderFactory.cpp">
      <Filter>src</Filter>
    </ClCompile>
    <ClCompile Include="src\OpenGLWrapperConcrete.cpp">
      <Filter>src</Filter>
    </ClCompile>
    <ClCompile Include="src\ProgramConcrete.cpp">
      <Filter>src</Filter>
    </ClCompile>
    <ClCompile Include="src\ShaderConcrete.cpp">
      <Filter>src</Filter>
    </ClCompile>
    <ClCompile Include="src\ShaderRegister.cpp">
      <Filter>src</Filter>
    </ClCompile>
    <ClCompile Include="src\Viewport.cpp">
      <Filter>src</Filter>
    </ClCompile>
    <ClCompile Include="src\VBOConcrete.cpp">
      <Filter>src</Filter>
    </ClCompile>
    <ClCompile Include="src\IVBO.cpp">
      <Filter>src</Filter>
    </ClCompile>
    <ClCompile Include="src\IVAO.cpp">
      <Filter>src</Filter>
    </ClCompile>
    <ClCompile Include="src\IUtility.cpp">
      <Filter>src</Filter>
    </ClCompile>
    <ClCompile Include="src\UtilConcrete.cpp">
      <Filter>src</Filter>
    </ClCompile>
    <ClCompile Include="src\IUtilityUser.cpp">
      <Filter>src</Filter>
    </ClCompile>
    <ClCompile Include="src\VAOOpengl.cpp">
      <Filter>src</Filter>
    </ClCompile>
    <ClCompile Include="include\libopenglwrapper\IProgram.cpp" />
  </ItemGroup>
  <ItemGroup>
    <ClInclude Include="src\Primitives\TriangleImpl.hpp">
      <Filter>src\Primitives</Filter>
    </ClInclude>
    <ClInclude Include="src\ImportFreeglut.hpp">
      <Filter>src</Filter>
    </ClInclude>
    <ClInclude Include="src\IMPORT_glew.hpp">
      <Filter>src</Filter>
    </ClInclude>
    <ClInclude Include="src\MatrixStack.hpp">
      <Filter>src</Filter>
    </ClInclude>
    <ClInclude Include="src\OpenGLShaderFactory.hpp">
      <Filter>src</Filter>
    </ClInclude>
    <ClInclude Include="src\OpenGLWrapperConcrete.hpp">
      <Filter>src</Filter>
    </ClInclude>
    <ClInclude Include="src\ProgramConcrete.hpp">
      <Filter>src</Filter>
    </ClInclude>
    <ClInclude Include="src\ShaderConcrete.hpp">
      <Filter>src</Filter>
    </ClInclude>
    <ClInclude Include="src\ShaderRegister.hpp">
      <Filter>src</Filter>
    </ClInclude>
    <ClInclude Include="include\libopenglwrapper\Primitives\IRect.hpp">
      <Filter>include\libopenglwrapper\Primitives</Filter>
    </ClInclude>
    <ClInclude Include="include\libopenglwrapper\Primitives\Triangle.hpp">
      <Filter>include\libopenglwrapper\Primitives</Filter>
    </ClInclude>
    <ClInclude Include="include\libopenglwrapper\IMovable.hpp">
      <Filter>include\libopenglwrapper</Filter>
    </ClInclude>
    <ClInclude Include="include\libopenglwrapper\IObject.hpp">
      <Filter>include\libopenglwrapper</Filter>
    </ClInclude>
    <ClInclude Include="include\libopenglwrapper\IObjectFactory.hpp">
      <Filter>include\libopenglwrapper</Filter>
    </ClInclude>
    <ClInclude Include="include\libopenglwrapper\IOpenGLWrapper.hpp">
      <Filter>include\libopenglwrapper</Filter>
    </ClInclude>
    <ClInclude Include="include\libopenglwrapper\Import.hpp">
      <Filter>include\libopenglwrapper</Filter>
    </ClInclude>
    <ClInclude Include="include\libopenglwrapper\IProgram.hpp">
      <Filter>include\libopenglwrapper</Filter>
    </ClInclude>
    <ClInclude Include="include\libopenglwrapper\IProgramFactory.hpp">
      <Filter>include\libopenglwrapper</Filter>
    </ClInclude>
    <ClInclude Include="include\libopenglwrapper\IRenderable.hpp">
      <Filter>include\libopenglwrapper</Filter>
    </ClInclude>
    <ClInclude Include="include\libopenglwrapper\IShader.hpp">
      <Filter>include\libopenglwrapper</Filter>
    </ClInclude>
    <ClInclude Include="include\libopenglwrapper\IShaderFactory.hpp">
      <Filter>include\libopenglwrapper</Filter>
    </ClInclude>
    <ClInclude Include="include\libopenglwrapper\ITexture.hpp">
      <Filter>include\libopenglwrapper</Filter>
    </ClInclude>
    <ClInclude Include="include\libopenglwrapper\IVAO.hpp">
      <Filter>include\libopenglwrapper</Filter>
    </ClInclude>
    <ClInclude Include="include\libopenglwrapper\IVBO.hpp">
      <Filter>include\libopenglwrapper</Filter>
    </ClInclude>
    <ClInclude Include="include\libopenglwrapper\IVertexArray.hpp">
      <Filter>include\libopenglwrapper</Filter>
    </ClInclude>
    <ClInclude Include="include\libopenglwrapper\IVertexBuffer.hpp">
      <Filter>include\libopenglwrapper</Filter>
    </ClInclude>
    <ClInclude Include="include\libopenglwrapper\ViewPort.hpp">
      <Filter>include\libopenglwrapper</Filter>
    </ClInclude>
    <ClInclude Include="src\VBOConcrete.hpp">
      <Filter>src</Filter>
    </ClInclude>
    <ClInclude Include="include\libopenglwrapper\IUtility.hpp">
      <Filter>include\libopenglwrapper</Filter>
    </ClInclude>
    <ClInclude Include="src\UtilConcrete.hpp">
      <Filter>src</Filter>
    </ClInclude>
    <ClInclude Include="include\libopenglwrapper\IUtilityUser.hpp">
      <Filter>include\libopenglwrapper</Filter>
    </ClInclude>
    <ClInclude Include="src\VAOOpengl.hpp">
      <Filter>src</Filter>
    </ClInclude>
  </ItemGroup>
  <ItemGroup>
    <None Include="shaders\fragmentShader.frag">
      <Filter>shaders</Filter>
    </None>
    <None Include="shaders\simpleFrag.frag">
      <Filter>shaders</Filter>
    </None>
    <None Include="shaders\simpleVertex.vert">
      <Filter>shaders</Filter>
    </None>
    <None Include="shaders\vertexShader.vert">
      <Filter>shaders</Filter>
    </None>
    <None Include="basic_definitions\default_triangle.json">
      <Filter>basic_definitions</Filter>
    </None>
  </ItemGroup>
</Project>