<?xml version="1.0" encoding="utf-8"?>
<Project ToolsVersion="4.0" xmlns="http://schemas.microsoft.com/developer/msbuild/2003">
  <ItemGroup>
    <Filter Include="src">
      <UniqueIdentifier>{5f8d1b40-7b81-4181-81bf-3959596e5ffe}</UniqueIdentifier>
    </Filter>
    <Filter Include="src\Primitives">
      <UniqueIdentifier>{26d145f4-8d5b-4f2a-a9cb-5afa5b624ebe}</UniqueIdentifier>
    </Filter>
    <Filter Include="include\libopenglwrapper">
      <UniqueIdentifier>{105a00f0-c968-4954-b0f9-ed6ea494d083}</UniqueIdentifier>
    </Filter>
    <Filter Include="include">
      <UniqueIdentifier>{d360ab31-8193-4374-933d-58bef5933ca9}</UniqueIdentifier>
    </Filter>
    <Filter Include="include\libopenglwrapper\Primitives">
      <UniqueIdentifier>{815306c3-a856-4388-a60c-af317e706827}</UniqueIdentifier>
    </Filter>
    <Filter Include="shaders">
      <UniqueIdentifier>{e587b30c-c1a5-43c2-9de1-ab02e4bf3b07}</UniqueIdentifier>
    </Filter>
    <Filter Include="basic_definitions">
      <UniqueIdentifier>{80df76ad-5343-4ca4-b14f-5e9367a4b70a}</UniqueIdentifier>
    </Filter>
  </ItemGroup>
  <ItemGroup>
    <ClCompile Include="src\IObjectFactory.cpp">
      <Filter>src</Filter>
    </ClCompile>
    <ClCompile Include="src\IOpenGLWrapper.cpp">
      <Filter>src</Filter>
    </ClCompile>
    <ClCompile Include="src\IShader.cpp">
      <Filter>src</Filter>
    </ClCompile>
    <ClCompile Include="src\IShaderFactory.cpp">
      <Filter>src</Filter>
    </ClCompile>
    <ClCompile Include="src\OpenGLShaderFactory.cpp">
      <Filter>src</Filter>
    </ClCompile>
    <ClCompile Include="src\OpenGLWrapperConcrete.cpp">
      <Filter>src</Filter>
    </ClCompile>
    <ClCompile Include="src\OpenGL_3_Utils.cpp">
      <Filter>src</Filter>
    </ClCompile>
    <ClCompile Include="src\ProgramConcrete.cpp">
      <Filter>src</Filter>
    </ClCompile>
    <ClCompile Include="src\ShaderConcrete.cpp">
      <Filter>src</Filter>
    </ClCompile>
    <ClCompile Include="src\ShaderRegister.cpp">
      <Filter>src</Filter>
    </ClCompile>
    <ClCompile Include="src\Viewport.cpp">
      <Filter>src</Filter>
    </ClCompile>
    <ClCompile Include="src\Primitives\Rect.cpp">
      <Filter>src\Primitives</Filter>
    </ClCompile>
    <ClCompile Include="src\Primitives\Triangle.cpp">
      <Filter>src\Primitives</Filter>
    </ClCompile>
    <ClCompile Include="src\Primitives\TriangleImpl.cpp">
      <Filter>src\Primitives</Filter>
    </ClCompile>
  </ItemGroup>
  <ItemGroup>
    <ClInclude Include="src\ImportFreeglut.hpp">
      <Filter>src</Filter>
    </ClInclude>
    <ClInclude Include="src\IMPORT_glew.hpp">
      <Filter>src</Filter>
    </ClInclude>
    <ClInclude Include="src\MatrixStack.hpp">
      <Filter>src</Filter>
    </ClInclude>
    <ClInclude Include="src\OpenGLShaderFactory.hpp">
      <Filter>src</Filter>
    </ClInclude>
    <ClInclude Include="src\OpenGLWrapperConcrete.hpp">
      <Filter>src</Filter>
    </ClInclude>
    <ClInclude Include="src\OpenGL_3_Utils.hpp">
      <Filter>src</Filter>
    </ClInclude>
    <ClInclude Include="src\ProgramConcrete.hpp">
      <Filter>src</Filter>
    </ClInclude>
    <ClInclude Include="src\ShaderConcrete.hpp">
      <Filter>src</Filter>
    </ClInclude>
    <ClInclude Include="src\ShaderRegister.hpp">
      <Filter>src</Filter>
    </ClInclude>
    <ClInclude Include="src\Primitives\TriangleImpl.hpp">
      <Filter>src\Primitives</Filter>
    </ClInclude>
    <ClInclude Include="include\libopenglwrapper\IMovable.hpp">
      <Filter>include\libopenglwrapper</Filter>
    </ClInclude>
    <ClInclude Include="include\libopenglwrapper\IObject.hpp">
      <Filter>include\libopenglwrapper</Filter>
    </ClInclude>
    <ClInclude Include="include\libopenglwrapper\IObjectFactory.hpp">
      <Filter>include\libopenglwrapper</Filter>
    </ClInclude>
    <ClInclude Include="include\libopenglwrapper\IOpenGLWrapper.hpp">
      <Filter>include\libopenglwrapper</Filter>
    </ClInclude>
    <ClInclude Include="include\libopenglwrapper\Import.hpp">
      <Filter>include\libopenglwrapper</Filter>
    </ClInclude>
    <ClInclude Include="include\libopenglwrapper\IProgram.hpp">
      <Filter>include\libopenglwrapper</Filter>
    </ClInclude>
    <ClInclude Include="include\libopenglwrapper\IProgramFactory.hpp">
      <Filter>include\libopenglwrapper</Filter>
    </ClInclude>
    <ClInclude Include="include\libopenglwrapper\IRenderable.hpp">
      <Filter>include\libopenglwrapper</Filter>
    </ClInclude>
    <ClInclude Include="include\libopenglwrapper\IShader.hpp">
      <Filter>include\libopenglwrapper</Filter>
    </ClInclude>
    <ClInclude Include="include\libopenglwrapper\IShaderFactory.hpp">
      <Filter>include\libopenglwrapper</Filter>
    </ClInclude>
    <ClInclude Include="include\libopenglwrapper\ITexture.hpp">
      <Filter>include\libopenglwrapper</Filter>
    </ClInclude>
    <ClInclude Include="include\libopenglwrapper\IVertexArray.hpp">
      <Filter>include\libopenglwrapper</Filter>
    </ClInclude>
    <ClInclude Include="include\libopenglwrapper\IVertexBuffer.hpp">
      <Filter>include\libopenglwrapper</Filter>
    </ClInclude>
    <ClInclude Include="include\libopenglwrapper\ViewPort.hpp">
      <Filter>include\libopenglwrapper</Filter>
    </ClInclude>
    <ClInclude Include="include\libopenglwrapper\Primitives\IRect.hpp">
      <Filter>include\libopenglwrapper\Primitives</Filter>
    </ClInclude>
    <ClInclude Include="include\libopenglwrapper\Primitives\Triangle.hpp">
      <Filter>include\libopenglwrapper\Primitives</Filter>
    </ClInclude>
  </ItemGroup>
  <ItemGroup>
    <None Include="shaders\fragmentShader.frag">
      <Filter>shaders</Filter>
    </None>
    <None Include="shaders\vertexShader.vert">
      <Filter>shaders</Filter>
    </None>
    <None Include="basic_definitions\default_triangle.json">
      <Filter>basic_definitions</Filter>
    </None>
  </ItemGroup>
</Project>